// !$*UTF8*$!
{
	archiveVersion = 1;
	classes = {
	};
	objectVersion = 46;
	objects = {

/* Begin PBXBuildFile section */
		483A23521D21E722008F2549 /* AppDelegate.swift in Sources */ = {isa = PBXBuildFile; fileRef = 483A23511D21E722008F2549 /* AppDelegate.swift */; };
		483A23541D21E722008F2549 /* ViewController.swift in Sources */ = {isa = PBXBuildFile; fileRef = 483A23531D21E722008F2549 /* ViewController.swift */; };
		483A23571D21E722008F2549 /* Main.storyboard in Resources */ = {isa = PBXBuildFile; fileRef = 483A23551D21E722008F2549 /* Main.storyboard */; };
		483A23591D21E722008F2549 /* Assets.xcassets in Resources */ = {isa = PBXBuildFile; fileRef = 483A23581D21E722008F2549 /* Assets.xcassets */; };
		483A235C1D21E722008F2549 /* LaunchScreen.storyboard in Resources */ = {isa = PBXBuildFile; fileRef = 483A235A1D21E722008F2549 /* LaunchScreen.storyboard */; };
		483A23671D21E722008F2549 /* GitHubDemoTests.swift in Sources */ = {isa = PBXBuildFile; fileRef = 483A23661D21E722008F2549 /* GitHubDemoTests.swift */; };
/* End PBXBuildFile section */

/* Begin PBXContainerItemProxy section */
		483A23631D21E722008F2549 /* PBXContainerItemProxy */ = {
			isa = PBXContainerItemProxy;
			containerPortal = 483A23461D21E722008F2549 /* Project object */;
			proxyType = 1;
			remoteGlobalIDString = 483A234D1D21E722008F2549;
			remoteInfo = GitHubDemo;
		};
/* End PBXContainerItemProxy section */

/* Begin PBXFileReference section */
		483A234E1D21E722008F2549 /* GitHubDemo.app */ = {isa = PBXFileReference; explicitFileType = wrapper.application; includeInIndex = 0; path = GitHubDemo.app; sourceTree = BUILT_PRODUCTS_DIR; };
		483A23511D21E722008F2549 /* AppDelegate.swift */ = {isa = PBXFileReference; lastKnownFileType = sourcecode.swift; path = AppDelegate.swift; sourceTree = "<group>"; };
		483A23531D21E722008F2549 /* ViewController.swift */ = {isa = PBXFileReference; lastKnownFileType = sourcecode.swift; path = ViewController.swift; sourceTree = "<group>"; };
		483A23561D21E722008F2549 /* Base */ = {isa = PBXFileReference; lastKnownFileType = file.storyboard; name = Base; path = Base.lproj/Main.storyboard; sourceTree = "<group>"; };
		483A23581D21E722008F2549 /* Assets.xcassets */ = {isa = PBXFileReference; lastKnownFileType = folder.assetcatalog; path = Assets.xcassets; sourceTree = "<group>"; };
		483A235B1D21E722008F2549 /* Base */ = {isa = PBXFileReference; lastKnownFileType = file.storyboard; name = Base; path = Base.lproj/LaunchScreen.storyboard; sourceTree = "<group>"; };
		483A235D1D21E722008F2549 /* Info.plist */ = {isa = PBXFileReference; lastKnownFileType = text.plist.xml; path = Info.plist; sourceTree = "<group>"; };
		483A23621D21E722008F2549 /* GitHubDemoTests.xctest */ = {isa = PBXFileReference; explicitFileType = wrapper.cfbundle; includeInIndex = 0; path = GitHubDemoTests.xctest; sourceTree = BUILT_PRODUCTS_DIR; };
		483A23661D21E722008F2549 /* GitHubDemoTests.swift */ = {isa = PBXFileReference; lastKnownFileType = sourcecode.swift; path = GitHubDemoTests.swift; sourceTree = "<group>"; };
		483A23681D21E722008F2549 /* Info.plist */ = {isa = PBXFileReference; lastKnownFileType = text.plist.xml; path = Info.plist; sourceTree = "<group>"; };
/* End PBXFileReference section */

/* Begin PBXFrameworksBuildPhase section */
		483A234B1D21E722008F2549 /* Frameworks */ = {
			isa = PBXFrameworksBuildPhase;
			buildActionMask = 2147483647;
			files = (
			);
			runOnlyForDeploymentPostprocessing = 0;
		};
		483A235F1D21E722008F2549 /* Frameworks */ = {
			isa = PBXFrameworksBuildPhase;
			buildActionMask = 2147483647;
			files = (
			);
			runOnlyForDeploymentPostprocessing = 0;
		};
/* End PBXFrameworksBuildPhase section */

/* Begin PBXGroup section */
		483A23451D21E722008F2549 = {
			isa = PBXGroup;
			children = (
				483A23501D21E722008F2549 /* GitHubDemo */,
				483A23651D21E722008F2549 /* GitHubDemoTests */,
				483A234F1D21E722008F2549 /* Products */,
			);
			sourceTree = "<group>";
		};
		483A234F1D21E722008F2549 /* Products */ = {
			isa = PBXGroup;
			children = (
				483A234E1D21E722008F2549 /* GitHubDemo.app */,
				483A23621D21E722008F2549 /* GitHubDemoTests.xctest */,
			);
			name = Products;
			sourceTree = "<group>";
		};
		483A23501D21E722008F2549 /* GitHubDemo */ = {
			isa = PBXGroup;
			children = (
				483A23511D21E722008F2549 /* AppDelegate.swift */,
				483A23531D21E722008F2549 /* ViewController.swift */,
				483A23551D21E722008F2549 /* Main.storyboard */,
				483A23581D21E722008F2549 /* Assets.xcassets */,
				483A235A1D21E722008F2549 /* LaunchScreen.storyboard */,
				483A235D1D21E722008F2549 /* Info.plist */,
			);
			path = GitHubDemo;
			sourceTree = "<group>";
		};
		483A23651D21E722008F2549 /* GitHubDemoTests */ = {
			isa = PBXGroup;
			children = (
				483A23661D21E722008F2549 /* GitHubDemoTests.swift */,
				483A23681D21E722008F2549 /* Info.plist */,
			);
			path = GitHubDemoTests;
			sourceTree = "<group>";
		};
/* End PBXGroup section */

/* Begin PBXNativeTarget section */
		483A234D1D21E722008F2549 /* GitHubDemo */ = {
			isa = PBXNativeTarget;
			buildConfigurationList = 483A236B1D21E722008F2549 /* Build configuration list for PBXNativeTarget "GitHubDemo" */;
			buildPhases = (
				483A234A1D21E722008F2549 /* Sources */,
				483A234B1D21E722008F2549 /* Frameworks */,
				483A234C1D21E722008F2549 /* Resources */,
			);
			buildRules = (
			);
			dependencies = (
			);
			name = GitHubDemo;
			productName = GitHubDemo;
			productReference = 483A234E1D21E722008F2549 /* GitHubDemo.app */;
			productType = "com.apple.product-type.application";
		};
		483A23611D21E722008F2549 /* GitHubDemoTests */ = {
			isa = PBXNativeTarget;
			buildConfigurationList = 483A236E1D21E722008F2549 /* Build configuration list for PBXNativeTarget "GitHubDemoTests" */;
			buildPhases = (
				483A235E1D21E722008F2549 /* Sources */,
				483A235F1D21E722008F2549 /* Frameworks */,
				483A23601D21E722008F2549 /* Resources */,
			);
			buildRules = (
			);
			dependencies = (
				483A23641D21E722008F2549 /* PBXTargetDependency */,
			);
			name = GitHubDemoTests;
			productName = GitHubDemoTests;
			productReference = 483A23621D21E722008F2549 /* GitHubDemoTests.xctest */;
			productType = "com.apple.product-type.bundle.unit-test";
		};
/* End PBXNativeTarget section */

/* Begin PBXProject section */
		483A23461D21E722008F2549 /* Project object */ = {
			isa = PBXProject;
			attributes = {
				LastSwiftUpdateCheck = 0730;
				LastUpgradeCheck = 0730;
				ORGANIZATIONNAME = "Ravi Shankar";
				TargetAttributes = {
					483A234D1D21E722008F2549 = {
						CreatedOnToolsVersion = 7.3.1;
					};
					483A23611D21E722008F2549 = {
						CreatedOnToolsVersion = 7.3.1;
						TestTargetID = 483A234D1D21E722008F2549;
					};
				};
			};
			buildConfigurationList = 483A23491D21E722008F2549 /* Build configuration list for PBXProject "GitHubDemo" */;
			compatibilityVersion = "Xcode 3.2";
			developmentRegion = English;
			hasScannedForEncodings = 0;
			knownRegions = (
				en,
				Base,
			);
			mainGroup = 483A23451D21E722008F2549;
			productRefGroup = 483A234F1D21E722008F2549 /* Products */;
			projectDirPath = "";
			projectRoot = "";
			targets = (
				483A234D1D21E722008F2549 /* GitHubDemo */,
				483A23611D21E722008F2549 /* GitHubDemoTests */,
			);
		};
/* End PBXProject section */

/* Begin PBXResourcesBuildPhase section */
		483A234C1D21E722008F2549 /* Resources */ = {
			isa = PBXResourcesBuildPhase;
			buildActionMask = 2147483647;
			files = (
				483A235C1D21E722008F2549 /* LaunchScreen.storyboard in Resources */,
				483A23591D21E722008F2549 /* Assets.xcassets in Resources */,
				483A23571D21E722008F2549 /* Main.storyboard in Resources */,
			);
			runOnlyForDeploymentPostprocessing = 0;
		};
		483A23601D21E722008F2549 /* Resources */ = {
			isa = PBXResourcesBuildPhase;
			buildActionMask = 2147483647;
			files = (
			);
			runOnlyForDeploymentPostprocessing = 0;
		};
/* End PBXResourcesBuildPhase section */

/* Begin PBXSourcesBuildPhase section */
		483A234A1D21E722008F2549 /* Sources */ = {
			isa = PBXSourcesBuildPhase;
			buildActionMask = 2147483647;
			files = (
				483A23541D21E722008F2549 /* ViewController.swift in Sources */,
				483A23521D21E722008F2549 /* AppDelegate.swift in Sources */,
			);
			runOnlyForDeploymentPostprocessing = 0;
		};
		483A235E1D21E722008F2549 /* Sources */ = {
			isa = PBXSourcesBuildPhase;
			buildActionMask = 2147483647;
			files = (
				483A23671D21E722008F2549 /* GitHubDemoTests.swift in Sources */,
			);
			runOnlyForDeploymentPostprocessing = 0;
		};
/* End PBXSourcesBuildPhase section */

/* Begin PBXTargetDependency section */
		483A23641D21E722008F2549 /* PBXTargetDependency */ = {
			isa = PBXTargetDependency;
			target = 483A234D1D21E722008F2549 /* GitHubDemo */;
			targetProxy = 483A23631D21E722008F2549 /* PBXContainerItemProxy */;
		};
/* End PBXTargetDependency section */

/* Begin PBXVariantGroup section */
		483A23551D21E722008F2549 /* Main.storyboard */ = {
			isa = PBXVariantGroup;
			children = (
				483A23561D21E722008F2549 /* Base */,
			);
			name = Main.storyboard;
			sourceTree = "<group>";
		};
		483A235A1D21E722008F2549 /* LaunchScreen.storyboard */ = {
			isa = PBXVariantGroup;
			children = (
				483A235B1D21E722008F2549 /* Base */,
			);
			name = LaunchScreen.storyboard;
			sourceTree = "<group>";
		};
/* End PBXVariantGroup section */

/* Begin XCBuildConfiguration section */
		483A23691D21E722008F2549 /* Debug */ = {
			isa = XCBuildConfiguration;
			buildSettings = {
				ALWAYS_SEARCH_USER_PATHS = NO;
				CLANG_ANALYZER_NONNULL = YES;
				CLANG_CXX_LANGUAGE_STANDARD = "gnu++0x";
				CLANG_CXX_LIBRARY = "libc++";
				CLANG_ENABLE_MODULES = YES;
				CLANG_ENABLE_OBJC_ARC = YES;
				CLANG_WARN_BOOL_CONVERSION = YES;
				CLANG_WARN_CONSTANT_CONVERSION = YES;
				CLANG_WARN_DIRECT_OBJC_ISA_USAGE = YES_ERROR;
				CLANG_WARN_EMPTY_BODY = YES;
				CLANG_WARN_ENUM_CONVERSION = YES;
				CLANG_WARN_INT_CONVERSION = YES;
				CLANG_WARN_OBJC_ROOT_CLASS = YES_ERROR;
				CLANG_WARN_UNREACHABLE_CODE = YES;
				CLANG_WARN__DUPLICATE_METHOD_MATCH = YES;
				"CODE_SIGN_IDENTITY[sdk=iphoneos*]" = "iPhone Developer";
				COPY_PHASE_STRIP = NO;
				DEBUG_INFORMATION_FORMAT = dwarf;
				ENABLE_STRICT_OBJC_MSGSEND = YES;
				ENABLE_TESTABILITY = YES;
				GCC_C_LANGUAGE_STANDARD = gnu99;
				GCC_DYNAMIC_NO_PIC = NO;
				GCC_NO_COMMON_BLOCKS = YES;
				GCC_OPTIMIZATION_LEVEL = 0;
				GCC_PREPROCESSOR_DEFINITIONS = (
					"DEBUG=1",
					"$(inherited)",
				);
				GCC_WARN_64_TO_32_BIT_CONVERSION = YES;
				GCC_WARN_ABOUT_RETURN_TYPE = YES_ERROR;
				GCC_WARN_UNDECLARED_SELECTOR = YES;
				GCC_WARN_UNINITIALIZED_AUTOS = YES_AGGRESSIVE;
				GCC_WARN_UNUSED_FUNCTION = YES;
				GCC_WARN_UNUSED_VARIABLE = YES;
				IPHONEOS_DEPLOYMENT_TARGET = 9.3;
				MTL_ENABLE_DEBUG_INFO = YES;
				ONLY_ACTIVE_ARCH = YES;
				SDKROOT = iphoneos;
				SWIFT_OPTIMIZATION_LEVEL = "-Onone";
			};
			name = Debug;
		};
		483A236A1D21E722008F2549 /* Release */ = {
			isa = XCBuildConfiguration;
			buildSettings = {
				ALWAYS_SEARCH_USER_PATHS = NO;
				CLANG_ANALYZER_NONNULL = YES;
				CLANG_CXX_LANGUAGE_STANDARD = "gnu++0x";
				CLANG_CXX_LIBRARY = "libc++";
				CLANG_ENABLE_MODULES = YES;
				CLANG_ENABLE_OBJC_ARC = YES;
				CLANG_WARN_BOOL_CONVERSION = YES;
				CLANG_WARN_CONSTANT_CONVERSION = YES;
				CLANG_WARN_DIRECT_OBJC_ISA_USAGE = YES_ERROR;
				CLANG_WARN_EMPTY_BODY = YES;
				CLANG_WARN_ENUM_CONVERSION = YES;
				CLANG_WARN_INT_CONVERSION = YES;
				CLANG_WARN_OBJC_ROOT_CLASS = YES_ERROR;
				CLANG_WARN_UNREACHABLE_CODE = YES;
				CLANG_WARN__DUPLICATE_METHOD_MATCH = YES;
				"CODE_SIGN_IDENTITY[sdk=iphoneos*]" = "iPhone Developer";
				COPY_PHASE_STRIP = NO;
				DEBUG_INFORMATION_FORMAT = "dwarf-with-dsym";
				ENABLE_NS_ASSERTIONS = NO;
				ENABLE_STRICT_OBJC_MSGSEND = YES;
				GCC_C_LANGUAGE_STANDARD = gnu99;
				GCC_NO_COMMON_BLOCKS = YES;
				GCC_WARN_64_TO_32_BIT_CONVERSION = YES;
				GCC_WARN_ABOUT_RETURN_TYPE = YES_ERROR;
				GCC_WARN_UNDECLARED_SELECTOR = YES;
				GCC_WARN_UNINITIALIZED_AUTOS = YES_AGGRESSIVE;
				GCC_WARN_UNUSED_FUNCTION = YES;
				GCC_WARN_UNUSED_VARIABLE = YES;
				IPHONEOS_DEPLOYMENT_TARGET = 9.3;
				MTL_ENABLE_DEBUG_INFO = NO;
				SDKROOT = iphoneos;
				VALIDATE_PRODUCT = YES;
			};
			name = Release;
		};
		483A236C1D21E722008F2549 /* Debug */ = {
			isa = XCBuildConfiguration;
			buildSettings = {
				ASSETCATALOG_COMPILER_APPICON_NAME = AppIcon;
				INFOPLIST_FILE = GitHubDemo/Info.plist;
				LD_RUNPATH_SEARCH_PATHS = "$(inherited) @executable_path/Frameworks";
				PRODUCT_BUNDLE_IDENTIFIER = com.rshankar.GitHubDemo;
				PRODUCT_NAME = "$(TARGET_NAME)";
			};
			name = Debug;
		};
		483A236D1D21E722008F2549 /* Release */ = {
			isa = XCBuildConfiguration;
			buildSettings = {
				ASSETCATALOG_COMPILER_APPICON_NAME = AppIcon;
				INFOPLIST_FILE = GitHubDemo/Info.plist;
				LD_RUNPATH_SEARCH_PATHS = "$(inherited) @executable_path/Frameworks";
				PRODUCT_BUNDLE_IDENTIFIER = com.rshankar.GitHubDemo;
				PRODUCT_NAME = "$(TARGET_NAME)";
			};
			name = Release;
		};
		483A236F1D21E722008F2549 /* Debug */ = {
			isa = XCBuildConfiguration;
			buildSettings = {
				BUNDLE_LOADER = "$(TEST_HOST)";
				INFOPLIST_FILE = GitHubDemoTests/Info.plist;
				LD_RUNPATH_SEARCH_PATHS = "$(inherited) @executable_path/Frameworks @loader_path/Frameworks";
				PRODUCT_BUNDLE_IDENTIFIER = com.rshankar.GitHubDemoTests;
				PRODUCT_NAME = "$(TARGET_NAME)";
				TEST_HOST = "$(BUILT_PRODUCTS_DIR)/GitHubDemo.app/GitHubDemo";
			};
			name = Debug;
		};
		483A23701D21E722008F2549 /* Release */ = {
			isa = XCBuildConfiguration;
			buildSettings = {
				BUNDLE_LOADER = "$(TEST_HOST)";
				INFOPLIST_FILE = GitHubDemoTests/Info.plist;
				LD_RUNPATH_SEARCH_PATHS = "$(inherited) @executable_path/Frameworks @loader_path/Frameworks";
				PRODUCT_BUNDLE_IDENTIFIER = com.rshankar.GitHubDemoTests;
				PRODUCT_NAME = "$(TARGET_NAME)";
				TEST_HOST = "$(BUILT_PRODUCTS_DIR)/GitHubDemo.app/GitHubDemo";
			};
			name = Release;
		};
/* End XCBuildConfiguration section */

/* Begin XCConfigurationList section */
		483A23491D21E722008F2549 /* Build configuration list for PBXProject "GitHubDemo" */ = {
			isa = XCConfigurationList;
			buildConfigurations = (
				483A23691D21E722008F2549 /* Debug */,
				483A236A1D21E722008F2549 /* Release */,
			);
			defaultConfigurationIsVisible = 0;
			defaultConfigurationName = Release;
		};
		483A236B1D21E722008F2549 /* Build configuration list for PBXNativeTarget "GitHubDemo" */ = {
			isa = XCConfigurationList;
			buildConfigurations = (
				483A236C1D21E722008F2549 /* Debug */,
				483A236D1D21E722008F2549 /* Release */,
			);
			defaultConfigurationIsVisible = 0;
		};
		483A236E1D21E722008F2549 /* Build configuration list for PBXNativeTarget "GitHubDemoTests" */ = {
			isa = XCConfigurationList;
			buildConfigurations = (
				483A236F1D21E722008F2549 /* Debug */,
				483A23701D21E722008F2549 /* Release */,
			);
			defaultConfigurationIsVisible = 0;
		};
/* End XCConfigurationList section */
	};
	rootObject = 483A23461D21E722008F2549 /* Project object */;
}
